
Microsoft Visual Studio Solution File, Format Version 12.00
# Visual Studio Version 16
VisualStudioVersion = 16.0.31005.135
MinimumVisualStudioVersion = 10.0.40219.1
Project("{FAE04EC0-301F-11D3-BF4B-00C04F79EFBC}") = "Sales", "Sales\Sales.csproj", "{03E64436-97C2-4F29-A7FF-D95C0B3B0631}"
EndProject
Global
	GlobalSection(SolutionConfigurationPlatforms) = preSolution
		Debug|Any CPU = Debug|Any CPU
		Release|Any CPU = Release|Any CPU
	EndGlobalSection
	GlobalSection(ProjectConfigurationPlatforms) = postSolution
		{03E64436-97C2-4F29-A7FF-D95C0B3B0631}.Debug|Any CPU.ActiveCfg = Debug|Any CPU
		{03E64436-97C2-4F29-A7FF-D95C0B3B0631}.Debug|Any CPU.Build.0 = Debug|Any CPU
		{03E64436-97C2-4F29-A7FF-D95C0B3B0631}.Release|Any CPU.ActiveCfg = Release|Any CPU
		{03E64436-97C2-4F29-A7FF-D95C0B3B0631}.Release|Any CPU.Build.0 = Release|Any CPU
	EndGlobalSection
	GlobalSection(SolutionProperties) = preSolution
		HideSolutionNode = FALSE
	EndGlobalSection
	GlobalSection(ExtensibilityGlobals) = postSolution
		SolutionGuid = {AE02D042-C9B1-4F69-B850-719BA0143E87}
	EndGlobalSection
EndGlobal
